
Microsoft Visual Studio Solution File, Format Version 12.00
# Visual Studio Version 16
VisualStudioVersion = 16.0.28922.388
MinimumVisualStudioVersion = 10.0.40219.1
Project("{FAE04EC0-301F-11D3-BF4B-00C04F79EFBC}") = "SpaceKill", "SpaceKill.csproj", "{B997DFE9-497C-406D-9B52-15C65090F60D}"
EndProject
Global
	GlobalSection(SolutionConfigurationPlatforms) = preSolution
		Debug|Any CPU = Debug|Any CPU
		Release|Any CPU = Release|Any CPU
	EndGlobalSection
	GlobalSection(ProjectConfigurationPlatforms) = postSolution
		{B997DFE9-497C-406D-9B52-15C65090F60D}.Debug|Any CPU.ActiveCfg = Debug|Any CPU
		{B997DFE9-497C-406D-9B52-15C65090F60D}.Debug|Any CPU.Build.0 = Debug|Any CPU
		{B997DFE9-497C-406D-9B52-15C65090F60D}.Release|Any CPU.ActiveCfg = Release|Any CPU
		{B997DFE9-497C-406D-9B52-15C65090F60D}.Release|Any CPU.Build.0 = Release|Any CPU
	EndGlobalSection
	GlobalSection(SolutionProperties) = preSolution
		HideSolutionNode = FALSE
	EndGlobalSection
	GlobalSection(ExtensibilityGlobals) = postSolution
		SolutionGuid = {10C0305C-0EDB-4BD3-B8B3-B8D832B75324}
	EndGlobalSection
EndGlobal
